
Microsoft Visual Studio Solution File, Format Version 12.00
# Visual Studio Version 17
VisualStudioVersion = 17.8.34525.116
MinimumVisualStudioVersion = 10.0.40219.1
Project("{FAE04EC0-301F-11D3-BF4B-00C04F79EFBC}") = "EnterANumberHigherThan10", "EnterANumberHigherThan10\EnterANumberHigherThan10.csproj", "{04AC1528-2A5E-4738-AA2B-EAAA20745E63}"
EndProject
Global
	GlobalSection(SolutionConfigurationPlatforms) = preSolution
		Debug|Any CPU = Debug|Any CPU
		Release|Any CPU = Release|Any CPU
	EndGlobalSection
	GlobalSection(ProjectConfigurationPlatforms) = postSolution
		{04AC1528-2A5E-4738-AA2B-EAAA20745E63}.Debug|Any CPU.ActiveCfg = Debug|Any CPU
		{04AC1528-2A5E-4738-AA2B-EAAA20745E63}.Debug|Any CPU.Build.0 = Debug|Any CPU
		{04AC1528-2A5E-4738-AA2B-EAAA20745E63}.Release|Any CPU.ActiveCfg = Release|Any CPU
		{04AC1528-2A5E-4738-AA2B-EAAA20745E63}.Release|Any CPU.Build.0 = Release|Any CPU
	EndGlobalSection
	GlobalSection(SolutionProperties) = preSolution
		HideSolutionNode = FALSE
	EndGlobalSection
	GlobalSection(ExtensibilityGlobals) = postSolution
		SolutionGuid = {1D4D2074-E811-4013-B78D-77B5722A7C6C}
	EndGlobalSection
EndGlobal
