
Microsoft Visual Studio Solution File, Format Version 12.00
# Visual Studio Version 17
VisualStudioVersion = 17.8.34525.116
MinimumVisualStudioVersion = 10.0.40219.1
Project("{FAE04EC0-301F-11D3-BF4B-00C04F79EFBC}") = "Zahlenraten", "Zahlenraten\Zahlenraten.csproj", "{0D52D5BC-6DE3-413C-BA12-299C5CF89BEC}"
EndProject
Global
	GlobalSection(SolutionConfigurationPlatforms) = preSolution
		Debug|Any CPU = Debug|Any CPU
		Release|Any CPU = Release|Any CPU
	EndGlobalSection
	GlobalSection(ProjectConfigurationPlatforms) = postSolution
		{0D52D5BC-6DE3-413C-BA12-299C5CF89BEC}.Debug|Any CPU.ActiveCfg = Debug|Any CPU
		{0D52D5BC-6DE3-413C-BA12-299C5CF89BEC}.Debug|Any CPU.Build.0 = Debug|Any CPU
		{0D52D5BC-6DE3-413C-BA12-299C5CF89BEC}.Release|Any CPU.ActiveCfg = Release|Any CPU
		{0D52D5BC-6DE3-413C-BA12-299C5CF89BEC}.Release|Any CPU.Build.0 = Release|Any CPU
	EndGlobalSection
	GlobalSection(SolutionProperties) = preSolution
		HideSolutionNode = FALSE
	EndGlobalSection
	GlobalSection(ExtensibilityGlobals) = postSolution
		SolutionGuid = {8B0A52A3-3D9E-4861-8732-9E90E0147273}
	EndGlobalSection
EndGlobal
