
Microsoft Visual Studio Solution File, Format Version 12.00
# Visual Studio Version 17
VisualStudioVersion = 17.8.34525.116
MinimumVisualStudioVersion = 10.0.40219.1
Project("{FAE04EC0-301F-11D3-BF4B-00C04F79EFBC}") = "Wuerfelspiel", "Wuerfelspiel\Wuerfelspiel.csproj", "{BAF00A6B-B1FC-4A51-8033-B5475705F62A}"
EndProject
Global
	GlobalSection(SolutionConfigurationPlatforms) = preSolution
		Debug|Any CPU = Debug|Any CPU
		Release|Any CPU = Release|Any CPU
	EndGlobalSection
	GlobalSection(ProjectConfigurationPlatforms) = postSolution
		{BAF00A6B-B1FC-4A51-8033-B5475705F62A}.Debug|Any CPU.ActiveCfg = Debug|Any CPU
		{BAF00A6B-B1FC-4A51-8033-B5475705F62A}.Debug|Any CPU.Build.0 = Debug|Any CPU
		{BAF00A6B-B1FC-4A51-8033-B5475705F62A}.Release|Any CPU.ActiveCfg = Release|Any CPU
		{BAF00A6B-B1FC-4A51-8033-B5475705F62A}.Release|Any CPU.Build.0 = Release|Any CPU
	EndGlobalSection
	GlobalSection(SolutionProperties) = preSolution
		HideSolutionNode = FALSE
	EndGlobalSection
	GlobalSection(ExtensibilityGlobals) = postSolution
		SolutionGuid = {7EACDC15-12F9-4B23-AD53-D2EB96DB28D4}
	EndGlobalSection
EndGlobal
