
Microsoft Visual Studio Solution File, Format Version 12.00
# Visual Studio Version 17
VisualStudioVersion = 17.9.34723.18
MinimumVisualStudioVersion = 10.0.40219.1
Project("{FAE04EC0-301F-11D3-BF4B-00C04F79EFBC}") = "MyAnimal", "MyAnimal\MyAnimal.csproj", "{6FF446A2-6787-4AE1-9B1F-70CECB014500}"
EndProject
Global
	GlobalSection(SolutionConfigurationPlatforms) = preSolution
		Debug|Any CPU = Debug|Any CPU
		Release|Any CPU = Release|Any CPU
	EndGlobalSection
	GlobalSection(ProjectConfigurationPlatforms) = postSolution
		{6FF446A2-6787-4AE1-9B1F-70CECB014500}.Debug|Any CPU.ActiveCfg = Debug|Any CPU
		{6FF446A2-6787-4AE1-9B1F-70CECB014500}.Debug|Any CPU.Build.0 = Debug|Any CPU
		{6FF446A2-6787-4AE1-9B1F-70CECB014500}.Release|Any CPU.ActiveCfg = Release|Any CPU
		{6FF446A2-6787-4AE1-9B1F-70CECB014500}.Release|Any CPU.Build.0 = Release|Any CPU
	EndGlobalSection
	GlobalSection(SolutionProperties) = preSolution
		HideSolutionNode = FALSE
	EndGlobalSection
	GlobalSection(ExtensibilityGlobals) = postSolution
		SolutionGuid = {A0939BE4-EFB1-465E-BBD5-D5ABAB34ED29}
	EndGlobalSection
EndGlobal
