
Microsoft Visual Studio Solution File, Format Version 12.00
# Visual Studio Version 17
VisualStudioVersion = 17.9.34723.18
MinimumVisualStudioVersion = 10.0.40219.1
Project("{FAE04EC0-301F-11D3-BF4B-00C04F79EFBC}") = "RPG_Inventory_Sort", "RPG_Inventory_Sort\RPG_Inventory_Sort.csproj", "{E3BC5ABA-96E0-41D0-949B-567E5403ECFF}"
EndProject
Global
	GlobalSection(SolutionConfigurationPlatforms) = preSolution
		Debug|Any CPU = Debug|Any CPU
		Release|Any CPU = Release|Any CPU
	EndGlobalSection
	GlobalSection(ProjectConfigurationPlatforms) = postSolution
		{E3BC5ABA-96E0-41D0-949B-567E5403ECFF}.Debug|Any CPU.ActiveCfg = Debug|Any CPU
		{E3BC5ABA-96E0-41D0-949B-567E5403ECFF}.Debug|Any CPU.Build.0 = Debug|Any CPU
		{E3BC5ABA-96E0-41D0-949B-567E5403ECFF}.Release|Any CPU.ActiveCfg = Release|Any CPU
		{E3BC5ABA-96E0-41D0-949B-567E5403ECFF}.Release|Any CPU.Build.0 = Release|Any CPU
	EndGlobalSection
	GlobalSection(SolutionProperties) = preSolution
		HideSolutionNode = FALSE
	EndGlobalSection
	GlobalSection(ExtensibilityGlobals) = postSolution
		SolutionGuid = {095389E3-B1CC-4305-8BF3-12B928B4587F}
	EndGlobalSection
EndGlobal
