
Microsoft Visual Studio Solution File, Format Version 12.00
# Visual Studio Version 17
VisualStudioVersion = 17.8.34525.116
MinimumVisualStudioVersion = 10.0.40219.1
Project("{FAE04EC0-301F-11D3-BF4B-00C04F79EFBC}") = "CheckEmailAddress", "CheckEmailAddress\CheckEmailAddress.csproj", "{EAA3E467-D5AE-4370-8C82-9C45B645BC67}"
EndProject
Global
	GlobalSection(SolutionConfigurationPlatforms) = preSolution
		Debug|Any CPU = Debug|Any CPU
		Release|Any CPU = Release|Any CPU
	EndGlobalSection
	GlobalSection(ProjectConfigurationPlatforms) = postSolution
		{EAA3E467-D5AE-4370-8C82-9C45B645BC67}.Debug|Any CPU.ActiveCfg = Debug|Any CPU
		{EAA3E467-D5AE-4370-8C82-9C45B645BC67}.Debug|Any CPU.Build.0 = Debug|Any CPU
		{EAA3E467-D5AE-4370-8C82-9C45B645BC67}.Release|Any CPU.ActiveCfg = Release|Any CPU
		{EAA3E467-D5AE-4370-8C82-9C45B645BC67}.Release|Any CPU.Build.0 = Release|Any CPU
	EndGlobalSection
	GlobalSection(SolutionProperties) = preSolution
		HideSolutionNode = FALSE
	EndGlobalSection
	GlobalSection(ExtensibilityGlobals) = postSolution
		SolutionGuid = {131D08C7-0451-46AD-A834-80058141DE3A}
	EndGlobalSection
EndGlobal
